
Microsoft Visual Studio Solution File, Format Version 11.00
# Visual Studio 2010
Project("{FAE04EC0-301F-11D3-BF4B-00C04F79EFBC}") = "Rott2DWadReader", "RottWadReader\Rott2DWadReader.csproj", "{0DD4D2A3-24EC-4103-8FBC-CBFFA3A795B8}"
EndProject
Project("{FAE04EC0-301F-11D3-BF4B-00C04F79EFBC}") = "rott2d.wad", "rott2d.wad\rott2d.wad.csproj", "{8D40B41F-D807-4F66-BE3C-4D3C580531F4}"
EndProject
Project("{FAE04EC0-301F-11D3-BF4B-00C04F79EFBC}") = "rott2d.draw", "rott2d.draw\rott2d.draw.csproj", "{57DEA09C-32D3-4A3B-9BE9-AAD2212EF5CB}"
EndProject
Project("{FAE04EC0-301F-11D3-BF4B-00C04F79EFBC}") = "rott2d.media", "rott2d.media\rott2d.media.csproj", "{F315789B-4F25-4C1A-B291-A6FBC6AABE86}"
EndProject
Global
	GlobalSection(SolutionConfigurationPlatforms) = preSolution
		Debug|Any CPU = Debug|Any CPU
		Debug|Mixed Platforms = Debug|Mixed Platforms
		Debug|x86 = Debug|x86
		Release|Any CPU = Release|Any CPU
		Release|Mixed Platforms = Release|Mixed Platforms
		Release|x86 = Release|x86
	EndGlobalSection
	GlobalSection(ProjectConfigurationPlatforms) = postSolution
		{0DD4D2A3-24EC-4103-8FBC-CBFFA3A795B8}.Debug|Any CPU.ActiveCfg = Debug|x86
		{0DD4D2A3-24EC-4103-8FBC-CBFFA3A795B8}.Debug|Mixed Platforms.ActiveCfg = Debug|x86
		{0DD4D2A3-24EC-4103-8FBC-CBFFA3A795B8}.Debug|Mixed Platforms.Build.0 = Debug|x86
		{0DD4D2A3-24EC-4103-8FBC-CBFFA3A795B8}.Debug|x86.ActiveCfg = Debug|x86
		{0DD4D2A3-24EC-4103-8FBC-CBFFA3A795B8}.Debug|x86.Build.0 = Debug|x86
		{0DD4D2A3-24EC-4103-8FBC-CBFFA3A795B8}.Release|Any CPU.ActiveCfg = Release|x86
		{0DD4D2A3-24EC-4103-8FBC-CBFFA3A795B8}.Release|Mixed Platforms.ActiveCfg = Release|x86
		{0DD4D2A3-24EC-4103-8FBC-CBFFA3A795B8}.Release|Mixed Platforms.Build.0 = Release|x86
		{0DD4D2A3-24EC-4103-8FBC-CBFFA3A795B8}.Release|x86.ActiveCfg = Release|x86
		{0DD4D2A3-24EC-4103-8FBC-CBFFA3A795B8}.Release|x86.Build.0 = Release|x86
		{8D40B41F-D807-4F66-BE3C-4D3C580531F4}.Debug|Any CPU.ActiveCfg = Debug|Any CPU
		{8D40B41F-D807-4F66-BE3C-4D3C580531F4}.Debug|Any CPU.Build.0 = Debug|Any CPU
		{8D40B41F-D807-4F66-BE3C-4D3C580531F4}.Debug|Mixed Platforms.ActiveCfg = Debug|Any CPU
		{8D40B41F-D807-4F66-BE3C-4D3C580531F4}.Debug|Mixed Platforms.Build.0 = Debug|Any CPU
		{8D40B41F-D807-4F66-BE3C-4D3C580531F4}.Debug|x86.ActiveCfg = Debug|Any CPU
		{8D40B41F-D807-4F66-BE3C-4D3C580531F4}.Release|Any CPU.ActiveCfg = Release|Any CPU
		{8D40B41F-D807-4F66-BE3C-4D3C580531F4}.Release|Any CPU.Build.0 = Release|Any CPU
		{8D40B41F-D807-4F66-BE3C-4D3C580531F4}.Release|Mixed Platforms.ActiveCfg = Release|Any CPU
		{8D40B41F-D807-4F66-BE3C-4D3C580531F4}.Release|Mixed Platforms.Build.0 = Release|Any CPU
		{8D40B41F-D807-4F66-BE3C-4D3C580531F4}.Release|x86.ActiveCfg = Release|Any CPU
		{57DEA09C-32D3-4A3B-9BE9-AAD2212EF5CB}.Debug|Any CPU.ActiveCfg = Debug|Any CPU
		{57DEA09C-32D3-4A3B-9BE9-AAD2212EF5CB}.Debug|Any CPU.Build.0 = Debug|Any CPU
		{57DEA09C-32D3-4A3B-9BE9-AAD2212EF5CB}.Debug|Mixed Platforms.ActiveCfg = Debug|Any CPU
		{57DEA09C-32D3-4A3B-9BE9-AAD2212EF5CB}.Debug|Mixed Platforms.Build.0 = Debug|Any CPU
		{57DEA09C-32D3-4A3B-9BE9-AAD2212EF5CB}.Debug|x86.ActiveCfg = Debug|Any CPU
		{57DEA09C-32D3-4A3B-9BE9-AAD2212EF5CB}.Release|Any CPU.ActiveCfg = Release|Any CPU
		{57DEA09C-32D3-4A3B-9BE9-AAD2212EF5CB}.Release|Any CPU.Build.0 = Release|Any CPU
		{57DEA09C-32D3-4A3B-9BE9-AAD2212EF5CB}.Release|Mixed Platforms.ActiveCfg = Release|Any CPU
		{57DEA09C-32D3-4A3B-9BE9-AAD2212EF5CB}.Release|Mixed Platforms.Build.0 = Release|Any CPU
		{57DEA09C-32D3-4A3B-9BE9-AAD2212EF5CB}.Release|x86.ActiveCfg = Release|Any CPU
		{F315789B-4F25-4C1A-B291-A6FBC6AABE86}.Debug|Any CPU.ActiveCfg = Debug|Any CPU
		{F315789B-4F25-4C1A-B291-A6FBC6AABE86}.Debug|Any CPU.Build.0 = Debug|Any CPU
		{F315789B-4F25-4C1A-B291-A6FBC6AABE86}.Debug|Mixed Platforms.ActiveCfg = Debug|Any CPU
		{F315789B-4F25-4C1A-B291-A6FBC6AABE86}.Debug|Mixed Platforms.Build.0 = Debug|Any CPU
		{F315789B-4F25-4C1A-B291-A6FBC6AABE86}.Debug|x86.ActiveCfg = Debug|Any CPU
		{F315789B-4F25-4C1A-B291-A6FBC6AABE86}.Release|Any CPU.ActiveCfg = Release|Any CPU
		{F315789B-4F25-4C1A-B291-A6FBC6AABE86}.Release|Any CPU.Build.0 = Release|Any CPU
		{F315789B-4F25-4C1A-B291-A6FBC6AABE86}.Release|Mixed Platforms.ActiveCfg = Release|Any CPU
		{F315789B-4F25-4C1A-B291-A6FBC6AABE86}.Release|Mixed Platforms.Build.0 = Release|Any CPU
		{F315789B-4F25-4C1A-B291-A6FBC6AABE86}.Release|x86.ActiveCfg = Release|Any CPU
	EndGlobalSection
	GlobalSection(SolutionProperties) = preSolution
		HideSolutionNode = FALSE
	EndGlobalSection
EndGlobal
